
Microsoft Visual Studio Solution File, Format Version 12.00
# Visual Studio Version 16
VisualStudioVersion = 16.0.30011.22
MinimumVisualStudioVersion = 10.0.40219.1
Project("{FAE04EC0-301F-11D3-BF4B-00C04F79EFBC}") = "WindowsFormsApp1", "WindowsFormsApp1.csproj", "{A2E9901A-4627-498E-B6B3-2FC90C2C8732}"
EndProject
Project("{8BC9CEB8-8B4A-11D0-8D11-00A0C91BC942}") = "HelloWorld", "..\HelloWorld\HelloWorld.vcxproj", "{8A46CC04-A9DB-4F02-B17F-1885C745DD23}"
EndProject
Project("{FAE04EC0-301F-11D3-BF4B-00C04F79EFBC}") = "DelegateTest1", "..\DelegateTest1\DelegateTest1.csproj", "{E1854DBF-35E1-4F17-BF98-7E556665C46F}"
EndProject
Project("{FAE04EC0-301F-11D3-BF4B-00C04F79EFBC}") = "DelegateTest2", "..\DelegateTest2\DelegateTest2.csproj", "{2FBE4A1C-F5A4-4B4F-A532-2C7852464F36}"
EndProject
Project("{8BC9CEB8-8B4A-11D0-8D11-00A0C91BC942}") = "Dll_AddTest", "..\Dll_AddTest\Dll_AddTest.vcxproj", "{06F6F8A5-F93C-482A-A6DA-6D420E4CB243}"
EndProject
Project("{8BC9CEB8-8B4A-11D0-8D11-00A0C91BC942}") = "dlldemo", "..\dlldemo\dlldemo.vcxproj", "{36513215-9FD2-4A06-85B1-062FC9D19F8F}"
EndProject
Project("{FAE04EC0-301F-11D3-BF4B-00C04F79EFBC}") = "ConsoleApp1", "..\ConsoleApp1\ConsoleApp1.csproj", "{32A67176-E171-4716-98C4-600E9BE23941}"
EndProject
Project("{FAE04EC0-301F-11D3-BF4B-00C04F79EFBC}") = "ConsoleApp2", "..\ConsoleApp2\ConsoleApp2.csproj", "{0635BBD1-D23D-415F-9842-247E5270E0CA}"
EndProject
Project("{FAE04EC0-301F-11D3-BF4B-00C04F79EFBC}") = "ConsoleApp3", "..\ConsoleApp3\ConsoleApp3.csproj", "{B706797F-DCB8-4A0B-8FA1-CE065873DBDE}"
EndProject
Project("{FAE04EC0-301F-11D3-BF4B-00C04F79EFBC}") = "ConsoleApp4", "..\ConsoleApp4\ConsoleApp4.csproj", "{A88C8740-C01E-4DC0-8A3B-3CEF2918695D}"
EndProject
Project("{FAE04EC0-301F-11D3-BF4B-00C04F79EFBC}") = "ConsoleApp5", "..\ConsoleApp5\ConsoleApp5.csproj", "{168C22FF-2F60-4343-9C7D-E599B0738C1F}"
EndProject
Project("{FAE04EC0-301F-11D3-BF4B-00C04F79EFBC}") = "ConsoleApp6_ArrayList", "..\ConsoleApp6_ArrayList\ConsoleApp6_ArrayList.csproj", "{C6831C1C-01C4-4F29-9F2A-65E55449134D}"
EndProject
Project("{FAE04EC0-301F-11D3-BF4B-00C04F79EFBC}") = "ConsoleApp6_ArrayList1", "..\ConsoleApp6_ArrayList1\ConsoleApp6_ArrayList1.csproj", "{A0DC84AE-290E-462F-ACB7-98873C961E67}"
EndProject
Project("{FAE04EC0-301F-11D3-BF4B-00C04F79EFBC}") = "ConsoleApp6_ArrayList2", "..\ConsoleApp6_ArrayList2\ConsoleApp6_ArrayList2.csproj", "{CEC2EAA2-A8E0-433A-A0FC-010B86E0BEEA}"
EndProject
Project("{FAE04EC0-301F-11D3-BF4B-00C04F79EFBC}") = "ConsoleApp6_ArrayList3", "..\ConsoleApp6_ArrayList3\ConsoleApp6_ArrayList3.csproj", "{61787FD5-EF08-4CFB-9DE3-92D21057D6B0}"
EndProject
Project("{FAE04EC0-301F-11D3-BF4B-00C04F79EFBC}") = "ConsoleApp7_Hashtable", "..\ConsoleApp7_Hashtable\ConsoleApp7_Hashtable.csproj", "{2D7B47B4-1285-487B-98B6-F1A9946BCF7C}"
EndProject
Project("{FAE04EC0-301F-11D3-BF4B-00C04F79EFBC}") = "ConsoleApp8_List_T", "..\ConsoleApp8_List_T\ConsoleApp8_List_T.csproj", "{C2902E1C-DE5D-4883-AD47-7A6DB0A2ABE1}"
EndProject
Project("{FAE04EC0-301F-11D3-BF4B-00C04F79EFBC}") = "ConsoleApp9_Dictionary", "..\ConsoleApp9_Dictionary\ConsoleApp9_Dictionary.csproj", "{2B71B963-B632-4B7D-8AE3-343AC987412F}"
EndProject
Project("{FAE04EC0-301F-11D3-BF4B-00C04F79EFBC}") = "ConsoleApp9_Dictionary1", "..\ConsoleApp9_Dictionary1\ConsoleApp9_Dictionary1.csproj", "{9C0E10BE-D98D-4792-8784-2F1CFBA0571A}"
EndProject
Project("{FAE04EC0-301F-11D3-BF4B-00C04F79EFBC}") = "ConsoleApp10", "..\ConsoleApp10\ConsoleApp10.csproj", "{DF6FE80B-5433-4FAF-8065-9AB157784F79}"
EndProject
Project("{FAE04EC0-301F-11D3-BF4B-00C04F79EFBC}") = "ConsoleApp11", "..\ConsoleApp11\ConsoleApp11.csproj", "{A2E6ABCF-F083-42CF-A5ED-E753BAE80860}"
EndProject
Project("{FAE04EC0-301F-11D3-BF4B-00C04F79EFBC}") = "ConsoleApp12_LSP", "..\ConsoleApp12_LSP\ConsoleApp12_LSP.csproj", "{EE07B753-FF21-451C-BD9C-F7D4AAAE359F}"
EndProject
Project("{FAE04EC0-301F-11D3-BF4B-00C04F79EFBC}") = "ConsoleApp12", "..\ConsoleApp12\ConsoleApp12.csproj", "{4E660E11-DC63-4978-B3EE-8178F64291D9}"
EndProject
Project("{9A19103F-16F7-4668-BE54-9A1E7A4F7556}") = "NUnitTestProject1", "..\NUnitTestProject1\NUnitTestProject1.csproj", "{5DB4FE26-EF51-4327-B613-B5CFFFCA925D}"
EndProject
Project("{9A19103F-16F7-4668-BE54-9A1E7A4F7556}") = "ConsoleApp.dotnet.demo", "..\ConsoleApp.dotnet.demo\ConsoleApp.dotnet.demo.csproj", "{B33FDE5D-CEEA-4A2E-9004-3F2D6ACDBC76}"
EndProject
Project("{9A19103F-16F7-4668-BE54-9A1E7A4F7556}") = "WebApplication1_dotnet", "..\WebApplication1_dotnet\WebApplication1_dotnet.csproj", "{C862B4AF-6190-41AC-AC39-BA12A22BC5E3}"
EndProject
Project("{FAE04EC0-301F-11D3-BF4B-00C04F79EFBC}") = "WindowsFormsApp.UpgradeDemo", "..\WindowsFormsApp.UpgradeDemo\WindowsFormsApp.UpgradeDemo.csproj", "{E66BD02E-3E0D-47C2-B33B-0BD6C015D0DE}"
EndProject
Global
	GlobalSection(SolutionConfigurationPlatforms) = preSolution
		Debug|Any CPU = Debug|Any CPU
		Debug|x64 = Debug|x64
		Debug|x86 = Debug|x86
		Release|Any CPU = Release|Any CPU
		Release|x64 = Release|x64
		Release|x86 = Release|x86
	EndGlobalSection
	GlobalSection(ProjectConfigurationPlatforms) = postSolution
		{A2E9901A-4627-498E-B6B3-2FC90C2C8732}.Debug|Any CPU.ActiveCfg = Debug|Any CPU
		{A2E9901A-4627-498E-B6B3-2FC90C2C8732}.Debug|Any CPU.Build.0 = Debug|Any CPU
		{A2E9901A-4627-498E-B6B3-2FC90C2C8732}.Debug|x64.ActiveCfg = Debug|Any CPU
		{A2E9901A-4627-498E-B6B3-2FC90C2C8732}.Debug|x64.Build.0 = Debug|Any CPU
		{A2E9901A-4627-498E-B6B3-2FC90C2C8732}.Debug|x86.ActiveCfg = Debug|Any CPU
		{A2E9901A-4627-498E-B6B3-2FC90C2C8732}.Debug|x86.Build.0 = Debug|Any CPU
		{A2E9901A-4627-498E-B6B3-2FC90C2C8732}.Release|Any CPU.ActiveCfg = Release|Any CPU
		{A2E9901A-4627-498E-B6B3-2FC90C2C8732}.Release|Any CPU.Build.0 = Release|Any CPU
		{A2E9901A-4627-498E-B6B3-2FC90C2C8732}.Release|x64.ActiveCfg = Release|Any CPU
		{A2E9901A-4627-498E-B6B3-2FC90C2C8732}.Release|x64.Build.0 = Release|Any CPU
		{A2E9901A-4627-498E-B6B3-2FC90C2C8732}.Release|x86.ActiveCfg = Release|Any CPU
		{A2E9901A-4627-498E-B6B3-2FC90C2C8732}.Release|x86.Build.0 = Release|Any CPU
		{8A46CC04-A9DB-4F02-B17F-1885C745DD23}.Debug|Any CPU.ActiveCfg = Debug|Win32
		{8A46CC04-A9DB-4F02-B17F-1885C745DD23}.Debug|x64.ActiveCfg = Debug|x64
		{8A46CC04-A9DB-4F02-B17F-1885C745DD23}.Debug|x64.Build.0 = Debug|x64
		{8A46CC04-A9DB-4F02-B17F-1885C745DD23}.Debug|x86.ActiveCfg = Debug|Win32
		{8A46CC04-A9DB-4F02-B17F-1885C745DD23}.Debug|x86.Build.0 = Debug|Win32
		{8A46CC04-A9DB-4F02-B17F-1885C745DD23}.Release|Any CPU.ActiveCfg = Release|Win32
		{8A46CC04-A9DB-4F02-B17F-1885C745DD23}.Release|x64.ActiveCfg = Release|x64
		{8A46CC04-A9DB-4F02-B17F-1885C745DD23}.Release|x64.Build.0 = Release|x64
		{8A46CC04-A9DB-4F02-B17F-1885C745DD23}.Release|x86.ActiveCfg = Release|Win32
		{8A46CC04-A9DB-4F02-B17F-1885C745DD23}.Release|x86.Build.0 = Release|Win32
		{E1854DBF-35E1-4F17-BF98-7E556665C46F}.Debug|Any CPU.ActiveCfg = Debug|Any CPU
		{E1854DBF-35E1-4F17-BF98-7E556665C46F}.Debug|Any CPU.Build.0 = Debug|Any CPU
		{E1854DBF-35E1-4F17-BF98-7E556665C46F}.Debug|x64.ActiveCfg = Debug|Any CPU
		{E1854DBF-35E1-4F17-BF98-7E556665C46F}.Debug|x64.Build.0 = Debug|Any CPU
		{E1854DBF-35E1-4F17-BF98-7E556665C46F}.Debug|x86.ActiveCfg = Debug|Any CPU
		{E1854DBF-35E1-4F17-BF98-7E556665C46F}.Debug|x86.Build.0 = Debug|Any CPU
		{E1854DBF-35E1-4F17-BF98-7E556665C46F}.Release|Any CPU.ActiveCfg = Release|Any CPU
		{E1854DBF-35E1-4F17-BF98-7E556665C46F}.Release|Any CPU.Build.0 = Release|Any CPU
		{E1854DBF-35E1-4F17-BF98-7E556665C46F}.Release|x64.ActiveCfg = Release|Any CPU
		{E1854DBF-35E1-4F17-BF98-7E556665C46F}.Release|x64.Build.0 = Release|Any CPU
		{E1854DBF-35E1-4F17-BF98-7E556665C46F}.Release|x86.ActiveCfg = Release|Any CPU
		{E1854DBF-35E1-4F17-BF98-7E556665C46F}.Release|x86.Build.0 = Release|Any CPU
		{2FBE4A1C-F5A4-4B4F-A532-2C7852464F36}.Debug|Any CPU.ActiveCfg = Debug|Any CPU
		{2FBE4A1C-F5A4-4B4F-A532-2C7852464F36}.Debug|Any CPU.Build.0 = Debug|Any CPU
		{2FBE4A1C-F5A4-4B4F-A532-2C7852464F36}.Debug|x64.ActiveCfg = Debug|Any CPU
		{2FBE4A1C-F5A4-4B4F-A532-2C7852464F36}.Debug|x64.Build.0 = Debug|Any CPU
		{2FBE4A1C-F5A4-4B4F-A532-2C7852464F36}.Debug|x86.ActiveCfg = Debug|Any CPU
		{2FBE4A1C-F5A4-4B4F-A532-2C7852464F36}.Debug|x86.Build.0 = Debug|Any CPU
		{2FBE4A1C-F5A4-4B4F-A532-2C7852464F36}.Release|Any CPU.ActiveCfg = Release|Any CPU
		{2FBE4A1C-F5A4-4B4F-A532-2C7852464F36}.Release|Any CPU.Build.0 = Release|Any CPU
		{2FBE4A1C-F5A4-4B4F-A532-2C7852464F36}.Release|x64.ActiveCfg = Release|Any CPU
		{2FBE4A1C-F5A4-4B4F-A532-2C7852464F36}.Release|x64.Build.0 = Release|Any CPU
		{2FBE4A1C-F5A4-4B4F-A532-2C7852464F36}.Release|x86.ActiveCfg = Release|Any CPU
		{2FBE4A1C-F5A4-4B4F-A532-2C7852464F36}.Release|x86.Build.0 = Release|Any CPU
		{06F6F8A5-F93C-482A-A6DA-6D420E4CB243}.Debug|Any CPU.ActiveCfg = Debug|Win32
		{06F6F8A5-F93C-482A-A6DA-6D420E4CB243}.Debug|x64.ActiveCfg = Debug|x64
		{06F6F8A5-F93C-482A-A6DA-6D420E4CB243}.Debug|x64.Build.0 = Debug|x64
		{06F6F8A5-F93C-482A-A6DA-6D420E4CB243}.Debug|x86.ActiveCfg = Debug|Win32
		{06F6F8A5-F93C-482A-A6DA-6D420E4CB243}.Debug|x86.Build.0 = Debug|Win32
		{06F6F8A5-F93C-482A-A6DA-6D420E4CB243}.Release|Any CPU.ActiveCfg = Release|Win32
		{06F6F8A5-F93C-482A-A6DA-6D420E4CB243}.Release|x64.ActiveCfg = Release|x64
		{06F6F8A5-F93C-482A-A6DA-6D420E4CB243}.Release|x64.Build.0 = Release|x64
		{06F6F8A5-F93C-482A-A6DA-6D420E4CB243}.Release|x86.ActiveCfg = Release|Win32
		{06F6F8A5-F93C-482A-A6DA-6D420E4CB243}.Release|x86.Build.0 = Release|Win32
		{36513215-9FD2-4A06-85B1-062FC9D19F8F}.Debug|Any CPU.ActiveCfg = Debug|Win32
		{36513215-9FD2-4A06-85B1-062FC9D19F8F}.Debug|x64.ActiveCfg = Debug|x64
		{36513215-9FD2-4A06-85B1-062FC9D19F8F}.Debug|x64.Build.0 = Debug|x64
		{36513215-9FD2-4A06-85B1-062FC9D19F8F}.Debug|x86.ActiveCfg = Debug|Win32
		{36513215-9FD2-4A06-85B1-062FC9D19F8F}.Debug|x86.Build.0 = Debug|Win32
		{36513215-9FD2-4A06-85B1-062FC9D19F8F}.Release|Any CPU.ActiveCfg = Release|Win32
		{36513215-9FD2-4A06-85B1-062FC9D19F8F}.Release|x64.ActiveCfg = Release|x64
		{36513215-9FD2-4A06-85B1-062FC9D19F8F}.Release|x64.Build.0 = Release|x64
		{36513215-9FD2-4A06-85B1-062FC9D19F8F}.Release|x86.ActiveCfg = Release|Win32
		{36513215-9FD2-4A06-85B1-062FC9D19F8F}.Release|x86.Build.0 = Release|Win32
		{32A67176-E171-4716-98C4-600E9BE23941}.Debug|Any CPU.ActiveCfg = Debug|Any CPU
		{32A67176-E171-4716-98C4-600E9BE23941}.Debug|Any CPU.Build.0 = Debug|Any CPU
		{32A67176-E171-4716-98C4-600E9BE23941}.Debug|x64.ActiveCfg = Debug|Any CPU
		{32A67176-E171-4716-98C4-600E9BE23941}.Debug|x64.Build.0 = Debug|Any CPU
		{32A67176-E171-4716-98C4-600E9BE23941}.Debug|x86.ActiveCfg = Debug|Any CPU
		{32A67176-E171-4716-98C4-600E9BE23941}.Debug|x86.Build.0 = Debug|Any CPU
		{32A67176-E171-4716-98C4-600E9BE23941}.Release|Any CPU.ActiveCfg = Release|Any CPU
		{32A67176-E171-4716-98C4-600E9BE23941}.Release|Any CPU.Build.0 = Release|Any CPU
		{32A67176-E171-4716-98C4-600E9BE23941}.Release|x64.ActiveCfg = Release|Any CPU
		{32A67176-E171-4716-98C4-600E9BE23941}.Release|x64.Build.0 = Release|Any CPU
		{32A67176-E171-4716-98C4-600E9BE23941}.Release|x86.ActiveCfg = Release|Any CPU
		{32A67176-E171-4716-98C4-600E9BE23941}.Release|x86.Build.0 = Release|Any CPU
		{0635BBD1-D23D-415F-9842-247E5270E0CA}.Debug|Any CPU.ActiveCfg = Debug|Any CPU
		{0635BBD1-D23D-415F-9842-247E5270E0CA}.Debug|Any CPU.Build.0 = Debug|Any CPU
		{0635BBD1-D23D-415F-9842-247E5270E0CA}.Debug|x64.ActiveCfg = Debug|Any CPU
		{0635BBD1-D23D-415F-9842-247E5270E0CA}.Debug|x64.Build.0 = Debug|Any CPU
		{0635BBD1-D23D-415F-9842-247E5270E0CA}.Debug|x86.ActiveCfg = Debug|Any CPU
		{0635BBD1-D23D-415F-9842-247E5270E0CA}.Debug|x86.Build.0 = Debug|Any CPU
		{0635BBD1-D23D-415F-9842-247E5270E0CA}.Release|Any CPU.ActiveCfg = Release|Any CPU
		{0635BBD1-D23D-415F-9842-247E5270E0CA}.Release|Any CPU.Build.0 = Release|Any CPU
		{0635BBD1-D23D-415F-9842-247E5270E0CA}.Release|x64.ActiveCfg = Release|Any CPU
		{0635BBD1-D23D-415F-9842-247E5270E0CA}.Release|x64.Build.0 = Release|Any CPU
		{0635BBD1-D23D-415F-9842-247E5270E0CA}.Release|x86.ActiveCfg = Release|Any CPU
		{0635BBD1-D23D-415F-9842-247E5270E0CA}.Release|x86.Build.0 = Release|Any CPU
		{B706797F-DCB8-4A0B-8FA1-CE065873DBDE}.Debug|Any CPU.ActiveCfg = Debug|Any CPU
		{B706797F-DCB8-4A0B-8FA1-CE065873DBDE}.Debug|Any CPU.Build.0 = Debug|Any CPU
		{B706797F-DCB8-4A0B-8FA1-CE065873DBDE}.Debug|x64.ActiveCfg = Debug|Any CPU
		{B706797F-DCB8-4A0B-8FA1-CE065873DBDE}.Debug|x64.Build.0 = Debug|Any CPU
		{B706797F-DCB8-4A0B-8FA1-CE065873DBDE}.Debug|x86.ActiveCfg = Debug|Any CPU
		{B706797F-DCB8-4A0B-8FA1-CE065873DBDE}.Debug|x86.Build.0 = Debug|Any CPU
		{B706797F-DCB8-4A0B-8FA1-CE065873DBDE}.Release|Any CPU.ActiveCfg = Release|Any CPU
		{B706797F-DCB8-4A0B-8FA1-CE065873DBDE}.Release|Any CPU.Build.0 = Release|Any CPU
		{B706797F-DCB8-4A0B-8FA1-CE065873DBDE}.Release|x64.ActiveCfg = Release|Any CPU
		{B706797F-DCB8-4A0B-8FA1-CE065873DBDE}.Release|x64.Build.0 = Release|Any CPU
		{B706797F-DCB8-4A0B-8FA1-CE065873DBDE}.Release|x86.ActiveCfg = Release|Any CPU
		{B706797F-DCB8-4A0B-8FA1-CE065873DBDE}.Release|x86.Build.0 = Release|Any CPU
		{A88C8740-C01E-4DC0-8A3B-3CEF2918695D}.Debug|Any CPU.ActiveCfg = Debug|Any CPU
		{A88C8740-C01E-4DC0-8A3B-3CEF2918695D}.Debug|Any CPU.Build.0 = Debug|Any CPU
		{A88C8740-C01E-4DC0-8A3B-3CEF2918695D}.Debug|x64.ActiveCfg = Debug|Any CPU
		{A88C8740-C01E-4DC0-8A3B-3CEF2918695D}.Debug|x64.Build.0 = Debug|Any CPU
		{A88C8740-C01E-4DC0-8A3B-3CEF2918695D}.Debug|x86.ActiveCfg = Debug|Any CPU
		{A88C8740-C01E-4DC0-8A3B-3CEF2918695D}.Debug|x86.Build.0 = Debug|Any CPU
		{A88C8740-C01E-4DC0-8A3B-3CEF2918695D}.Release|Any CPU.ActiveCfg = Release|Any CPU
		{A88C8740-C01E-4DC0-8A3B-3CEF2918695D}.Release|Any CPU.Build.0 = Release|Any CPU
		{A88C8740-C01E-4DC0-8A3B-3CEF2918695D}.Release|x64.ActiveCfg = Release|Any CPU
		{A88C8740-C01E-4DC0-8A3B-3CEF2918695D}.Release|x64.Build.0 = Release|Any CPU
		{A88C8740-C01E-4DC0-8A3B-3CEF2918695D}.Release|x86.ActiveCfg = Release|Any CPU
		{A88C8740-C01E-4DC0-8A3B-3CEF2918695D}.Release|x86.Build.0 = Release|Any CPU
		{168C22FF-2F60-4343-9C7D-E599B0738C1F}.Debug|Any CPU.ActiveCfg = Debug|Any CPU
		{168C22FF-2F60-4343-9C7D-E599B0738C1F}.Debug|Any CPU.Build.0 = Debug|Any CPU
		{168C22FF-2F60-4343-9C7D-E599B0738C1F}.Debug|x64.ActiveCfg = Debug|Any CPU
		{168C22FF-2F60-4343-9C7D-E599B0738C1F}.Debug|x64.Build.0 = Debug|Any CPU
		{168C22FF-2F60-4343-9C7D-E599B0738C1F}.Debug|x86.ActiveCfg = Debug|Any CPU
		{168C22FF-2F60-4343-9C7D-E599B0738C1F}.Debug|x86.Build.0 = Debug|Any CPU
		{168C22FF-2F60-4343-9C7D-E599B0738C1F}.Release|Any CPU.ActiveCfg = Release|Any CPU
		{168C22FF-2F60-4343-9C7D-E599B0738C1F}.Release|Any CPU.Build.0 = Release|Any CPU
		{168C22FF-2F60-4343-9C7D-E599B0738C1F}.Release|x64.ActiveCfg = Release|Any CPU
		{168C22FF-2F60-4343-9C7D-E599B0738C1F}.Release|x64.Build.0 = Release|Any CPU
		{168C22FF-2F60-4343-9C7D-E599B0738C1F}.Release|x86.ActiveCfg = Release|Any CPU
		{168C22FF-2F60-4343-9C7D-E599B0738C1F}.Release|x86.Build.0 = Release|Any CPU
		{C6831C1C-01C4-4F29-9F2A-65E55449134D}.Debug|Any CPU.ActiveCfg = Debug|Any CPU
		{C6831C1C-01C4-4F29-9F2A-65E55449134D}.Debug|Any CPU.Build.0 = Debug|Any CPU
		{C6831C1C-01C4-4F29-9F2A-65E55449134D}.Debug|x64.ActiveCfg = Debug|Any CPU
		{C6831C1C-01C4-4F29-9F2A-65E55449134D}.Debug|x64.Build.0 = Debug|Any CPU
		{C6831C1C-01C4-4F29-9F2A-65E55449134D}.Debug|x86.ActiveCfg = Debug|Any CPU
		{C6831C1C-01C4-4F29-9F2A-65E55449134D}.Debug|x86.Build.0 = Debug|Any CPU
		{C6831C1C-01C4-4F29-9F2A-65E55449134D}.Release|Any CPU.ActiveCfg = Release|Any CPU
		{C6831C1C-01C4-4F29-9F2A-65E55449134D}.Release|Any CPU.Build.0 = Release|Any CPU
		{C6831C1C-01C4-4F29-9F2A-65E55449134D}.Release|x64.ActiveCfg = Release|Any CPU
		{C6831C1C-01C4-4F29-9F2A-65E55449134D}.Release|x64.Build.0 = Release|Any CPU
		{C6831C1C-01C4-4F29-9F2A-65E55449134D}.Release|x86.ActiveCfg = Release|Any CPU
		{C6831C1C-01C4-4F29-9F2A-65E55449134D}.Release|x86.Build.0 = Release|Any CPU
		{A0DC84AE-290E-462F-ACB7-98873C961E67}.Debug|Any CPU.ActiveCfg = Debug|Any CPU
		{A0DC84AE-290E-462F-ACB7-98873C961E67}.Debug|Any CPU.Build.0 = Debug|Any CPU
		{A0DC84AE-290E-462F-ACB7-98873C961E67}.Debug|x64.ActiveCfg = Debug|Any CPU
		{A0DC84AE-290E-462F-ACB7-98873C961E67}.Debug|x64.Build.0 = Debug|Any CPU
		{A0DC84AE-290E-462F-ACB7-98873C961E67}.Debug|x86.ActiveCfg = Debug|Any CPU
		{A0DC84AE-290E-462F-ACB7-98873C961E67}.Debug|x86.Build.0 = Debug|Any CPU
		{A0DC84AE-290E-462F-ACB7-98873C961E67}.Release|Any CPU.ActiveCfg = Release|Any CPU
		{A0DC84AE-290E-462F-ACB7-98873C961E67}.Release|Any CPU.Build.0 = Release|Any CPU
		{A0DC84AE-290E-462F-ACB7-98873C961E67}.Release|x64.ActiveCfg = Release|Any CPU
		{A0DC84AE-290E-462F-ACB7-98873C961E67}.Release|x64.Build.0 = Release|Any CPU
		{A0DC84AE-290E-462F-ACB7-98873C961E67}.Release|x86.ActiveCfg = Release|Any CPU
		{A0DC84AE-290E-462F-ACB7-98873C961E67}.Release|x86.Build.0 = Release|Any CPU
		{CEC2EAA2-A8E0-433A-A0FC-010B86E0BEEA}.Debug|Any CPU.ActiveCfg = Debug|Any CPU
		{CEC2EAA2-A8E0-433A-A0FC-010B86E0BEEA}.Debug|Any CPU.Build.0 = Debug|Any CPU
		{CEC2EAA2-A8E0-433A-A0FC-010B86E0BEEA}.Debug|x64.ActiveCfg = Debug|Any CPU
		{CEC2EAA2-A8E0-433A-A0FC-010B86E0BEEA}.Debug|x64.Build.0 = Debug|Any CPU
		{CEC2EAA2-A8E0-433A-A0FC-010B86E0BEEA}.Debug|x86.ActiveCfg = Debug|Any CPU
		{CEC2EAA2-A8E0-433A-A0FC-010B86E0BEEA}.Debug|x86.Build.0 = Debug|Any CPU
		{CEC2EAA2-A8E0-433A-A0FC-010B86E0BEEA}.Release|Any CPU.ActiveCfg = Release|Any CPU
		{CEC2EAA2-A8E0-433A-A0FC-010B86E0BEEA}.Release|Any CPU.Build.0 = Release|Any CPU
		{CEC2EAA2-A8E0-433A-A0FC-010B86E0BEEA}.Release|x64.ActiveCfg = Release|Any CPU
		{CEC2EAA2-A8E0-433A-A0FC-010B86E0BEEA}.Release|x64.Build.0 = Release|Any CPU
		{CEC2EAA2-A8E0-433A-A0FC-010B86E0BEEA}.Release|x86.ActiveCfg = Release|Any CPU
		{CEC2EAA2-A8E0-433A-A0FC-010B86E0BEEA}.Release|x86.Build.0 = Release|Any CPU
		{61787FD5-EF08-4CFB-9DE3-92D21057D6B0}.Debug|Any CPU.ActiveCfg = Debug|Any CPU
		{61787FD5-EF08-4CFB-9DE3-92D21057D6B0}.Debug|Any CPU.Build.0 = Debug|Any CPU
		{61787FD5-EF08-4CFB-9DE3-92D21057D6B0}.Debug|x64.ActiveCfg = Debug|Any CPU
		{61787FD5-EF08-4CFB-9DE3-92D21057D6B0}.Debug|x64.Build.0 = Debug|Any CPU
		{61787FD5-EF08-4CFB-9DE3-92D21057D6B0}.Debug|x86.ActiveCfg = Debug|Any CPU
		{61787FD5-EF08-4CFB-9DE3-92D21057D6B0}.Debug|x86.Build.0 = Debug|Any CPU
		{61787FD5-EF08-4CFB-9DE3-92D21057D6B0}.Release|Any CPU.ActiveCfg = Release|Any CPU
		{61787FD5-EF08-4CFB-9DE3-92D21057D6B0}.Release|Any CPU.Build.0 = Release|Any CPU
		{61787FD5-EF08-4CFB-9DE3-92D21057D6B0}.Release|x64.ActiveCfg = Release|Any CPU
		{61787FD5-EF08-4CFB-9DE3-92D21057D6B0}.Release|x64.Build.0 = Release|Any CPU
		{61787FD5-EF08-4CFB-9DE3-92D21057D6B0}.Release|x86.ActiveCfg = Release|Any CPU
		{61787FD5-EF08-4CFB-9DE3-92D21057D6B0}.Release|x86.Build.0 = Release|Any CPU
		{2D7B47B4-1285-487B-98B6-F1A9946BCF7C}.Debug|Any CPU.ActiveCfg = Debug|Any CPU
		{2D7B47B4-1285-487B-98B6-F1A9946BCF7C}.Debug|Any CPU.Build.0 = Debug|Any CPU
		{2D7B47B4-1285-487B-98B6-F1A9946BCF7C}.Debug|x64.ActiveCfg = Debug|Any CPU
		{2D7B47B4-1285-487B-98B6-F1A9946BCF7C}.Debug|x64.Build.0 = Debug|Any CPU
		{2D7B47B4-1285-487B-98B6-F1A9946BCF7C}.Debug|x86.ActiveCfg = Debug|Any CPU
		{2D7B47B4-1285-487B-98B6-F1A9946BCF7C}.Debug|x86.Build.0 = Debug|Any CPU
		{2D7B47B4-1285-487B-98B6-F1A9946BCF7C}.Release|Any CPU.ActiveCfg = Release|Any CPU
		{2D7B47B4-1285-487B-98B6-F1A9946BCF7C}.Release|Any CPU.Build.0 = Release|Any CPU
		{2D7B47B4-1285-487B-98B6-F1A9946BCF7C}.Release|x64.ActiveCfg = Release|Any CPU
		{2D7B47B4-1285-487B-98B6-F1A9946BCF7C}.Release|x64.Build.0 = Release|Any CPU
		{2D7B47B4-1285-487B-98B6-F1A9946BCF7C}.Release|x86.ActiveCfg = Release|Any CPU
		{2D7B47B4-1285-487B-98B6-F1A9946BCF7C}.Release|x86.Build.0 = Release|Any CPU
		{C2902E1C-DE5D-4883-AD47-7A6DB0A2ABE1}.Debug|Any CPU.ActiveCfg = Debug|Any CPU
		{C2902E1C-DE5D-4883-AD47-7A6DB0A2ABE1}.Debug|Any CPU.Build.0 = Debug|Any CPU
		{C2902E1C-DE5D-4883-AD47-7A6DB0A2ABE1}.Debug|x64.ActiveCfg = Debug|Any CPU
		{C2902E1C-DE5D-4883-AD47-7A6DB0A2ABE1}.Debug|x64.Build.0 = Debug|Any CPU
		{C2902E1C-DE5D-4883-AD47-7A6DB0A2ABE1}.Debug|x86.ActiveCfg = Debug|Any CPU
		{C2902E1C-DE5D-4883-AD47-7A6DB0A2ABE1}.Debug|x86.Build.0 = Debug|Any CPU
		{C2902E1C-DE5D-4883-AD47-7A6DB0A2ABE1}.Release|Any CPU.ActiveCfg = Release|Any CPU
		{C2902E1C-DE5D-4883-AD47-7A6DB0A2ABE1}.Release|Any CPU.Build.0 = Release|Any CPU
		{C2902E1C-DE5D-4883-AD47-7A6DB0A2ABE1}.Release|x64.ActiveCfg = Release|Any CPU
		{C2902E1C-DE5D-4883-AD47-7A6DB0A2ABE1}.Release|x64.Build.0 = Release|Any CPU
		{C2902E1C-DE5D-4883-AD47-7A6DB0A2ABE1}.Release|x86.ActiveCfg = Release|Any CPU
		{C2902E1C-DE5D-4883-AD47-7A6DB0A2ABE1}.Release|x86.Build.0 = Release|Any CPU
		{2B71B963-B632-4B7D-8AE3-343AC987412F}.Debug|Any CPU.ActiveCfg = Debug|Any CPU
		{2B71B963-B632-4B7D-8AE3-343AC987412F}.Debug|Any CPU.Build.0 = Debug|Any CPU
		{2B71B963-B632-4B7D-8AE3-343AC987412F}.Debug|x64.ActiveCfg = Debug|Any CPU
		{2B71B963-B632-4B7D-8AE3-343AC987412F}.Debug|x64.Build.0 = Debug|Any CPU
		{2B71B963-B632-4B7D-8AE3-343AC987412F}.Debug|x86.ActiveCfg = Debug|Any CPU
		{2B71B963-B632-4B7D-8AE3-343AC987412F}.Debug|x86.Build.0 = Debug|Any CPU
		{2B71B963-B632-4B7D-8AE3-343AC987412F}.Release|Any CPU.ActiveCfg = Release|Any CPU
		{2B71B963-B632-4B7D-8AE3-343AC987412F}.Release|Any CPU.Build.0 = Release|Any CPU
		{2B71B963-B632-4B7D-8AE3-343AC987412F}.Release|x64.ActiveCfg = Release|Any CPU
		{2B71B963-B632-4B7D-8AE3-343AC987412F}.Release|x64.Build.0 = Release|Any CPU
		{2B71B963-B632-4B7D-8AE3-343AC987412F}.Release|x86.ActiveCfg = Release|Any CPU
		{2B71B963-B632-4B7D-8AE3-343AC987412F}.Release|x86.Build.0 = Release|Any CPU
		{9C0E10BE-D98D-4792-8784-2F1CFBA0571A}.Debug|Any CPU.ActiveCfg = Debug|Any CPU
		{9C0E10BE-D98D-4792-8784-2F1CFBA0571A}.Debug|Any CPU.Build.0 = Debug|Any CPU
		{9C0E10BE-D98D-4792-8784-2F1CFBA0571A}.Debug|x64.ActiveCfg = Debug|Any CPU
		{9C0E10BE-D98D-4792-8784-2F1CFBA0571A}.Debug|x64.Build.0 = Debug|Any CPU
		{9C0E10BE-D98D-4792-8784-2F1CFBA0571A}.Debug|x86.ActiveCfg = Debug|Any CPU
		{9C0E10BE-D98D-4792-8784-2F1CFBA0571A}.Debug|x86.Build.0 = Debug|Any CPU
		{9C0E10BE-D98D-4792-8784-2F1CFBA0571A}.Release|Any CPU.ActiveCfg = Release|Any CPU
		{9C0E10BE-D98D-4792-8784-2F1CFBA0571A}.Release|Any CPU.Build.0 = Release|Any CPU
		{9C0E10BE-D98D-4792-8784-2F1CFBA0571A}.Release|x64.ActiveCfg = Release|Any CPU
		{9C0E10BE-D98D-4792-8784-2F1CFBA0571A}.Release|x64.Build.0 = Release|Any CPU
		{9C0E10BE-D98D-4792-8784-2F1CFBA0571A}.Release|x86.ActiveCfg = Release|Any CPU
		{9C0E10BE-D98D-4792-8784-2F1CFBA0571A}.Release|x86.Build.0 = Release|Any CPU
		{DF6FE80B-5433-4FAF-8065-9AB157784F79}.Debug|Any CPU.ActiveCfg = Debug|Any CPU
		{DF6FE80B-5433-4FAF-8065-9AB157784F79}.Debug|Any CPU.Build.0 = Debug|Any CPU
		{DF6FE80B-5433-4FAF-8065-9AB157784F79}.Debug|x64.ActiveCfg = Debug|Any CPU
		{DF6FE80B-5433-4FAF-8065-9AB157784F79}.Debug|x64.Build.0 = Debug|Any CPU
		{DF6FE80B-5433-4FAF-8065-9AB157784F79}.Debug|x86.ActiveCfg = Debug|Any CPU
		{DF6FE80B-5433-4FAF-8065-9AB157784F79}.Debug|x86.Build.0 = Debug|Any CPU
		{DF6FE80B-5433-4FAF-8065-9AB157784F79}.Release|Any CPU.ActiveCfg = Release|Any CPU
		{DF6FE80B-5433-4FAF-8065-9AB157784F79}.Release|Any CPU.Build.0 = Release|Any CPU
		{DF6FE80B-5433-4FAF-8065-9AB157784F79}.Release|x64.ActiveCfg = Release|Any CPU
		{DF6FE80B-5433-4FAF-8065-9AB157784F79}.Release|x64.Build.0 = Release|Any CPU
		{DF6FE80B-5433-4FAF-8065-9AB157784F79}.Release|x86.ActiveCfg = Release|Any CPU
		{DF6FE80B-5433-4FAF-8065-9AB157784F79}.Release|x86.Build.0 = Release|Any CPU
		{A2E6ABCF-F083-42CF-A5ED-E753BAE80860}.Debug|Any CPU.ActiveCfg = Debug|Any CPU
		{A2E6ABCF-F083-42CF-A5ED-E753BAE80860}.Debug|Any CPU.Build.0 = Debug|Any CPU
		{A2E6ABCF-F083-42CF-A5ED-E753BAE80860}.Debug|x64.ActiveCfg = Debug|Any CPU
		{A2E6ABCF-F083-42CF-A5ED-E753BAE80860}.Debug|x64.Build.0 = Debug|Any CPU
		{A2E6ABCF-F083-42CF-A5ED-E753BAE80860}.Debug|x86.ActiveCfg = Debug|Any CPU
		{A2E6ABCF-F083-42CF-A5ED-E753BAE80860}.Debug|x86.Build.0 = Debug|Any CPU
		{A2E6ABCF-F083-42CF-A5ED-E753BAE80860}.Release|Any CPU.ActiveCfg = Release|Any CPU
		{A2E6ABCF-F083-42CF-A5ED-E753BAE80860}.Release|Any CPU.Build.0 = Release|Any CPU
		{A2E6ABCF-F083-42CF-A5ED-E753BAE80860}.Release|x64.ActiveCfg = Release|Any CPU
		{A2E6ABCF-F083-42CF-A5ED-E753BAE80860}.Release|x64.Build.0 = Release|Any CPU
		{A2E6ABCF-F083-42CF-A5ED-E753BAE80860}.Release|x86.ActiveCfg = Release|Any CPU
		{A2E6ABCF-F083-42CF-A5ED-E753BAE80860}.Release|x86.Build.0 = Release|Any CPU
		{EE07B753-FF21-451C-BD9C-F7D4AAAE359F}.Debug|Any CPU.ActiveCfg = Debug|Any CPU
		{EE07B753-FF21-451C-BD9C-F7D4AAAE359F}.Debug|Any CPU.Build.0 = Debug|Any CPU
		{EE07B753-FF21-451C-BD9C-F7D4AAAE359F}.Debug|x64.ActiveCfg = Debug|Any CPU
		{EE07B753-FF21-451C-BD9C-F7D4AAAE359F}.Debug|x64.Build.0 = Debug|Any CPU
		{EE07B753-FF21-451C-BD9C-F7D4AAAE359F}.Debug|x86.ActiveCfg = Debug|Any CPU
		{EE07B753-FF21-451C-BD9C-F7D4AAAE359F}.Debug|x86.Build.0 = Debug|Any CPU
		{EE07B753-FF21-451C-BD9C-F7D4AAAE359F}.Release|Any CPU.ActiveCfg = Release|Any CPU
		{EE07B753-FF21-451C-BD9C-F7D4AAAE359F}.Release|Any CPU.Build.0 = Release|Any CPU
		{EE07B753-FF21-451C-BD9C-F7D4AAAE359F}.Release|x64.ActiveCfg = Release|Any CPU
		{EE07B753-FF21-451C-BD9C-F7D4AAAE359F}.Release|x64.Build.0 = Release|Any CPU
		{EE07B753-FF21-451C-BD9C-F7D4AAAE359F}.Release|x86.ActiveCfg = Release|Any CPU
		{EE07B753-FF21-451C-BD9C-F7D4AAAE359F}.Release|x86.Build.0 = Release|Any CPU
		{4E660E11-DC63-4978-B3EE-8178F64291D9}.Debug|Any CPU.ActiveCfg = Debug|Any CPU
		{4E660E11-DC63-4978-B3EE-8178F64291D9}.Debug|Any CPU.Build.0 = Debug|Any CPU
		{4E660E11-DC63-4978-B3EE-8178F64291D9}.Debug|x64.ActiveCfg = Debug|Any CPU
		{4E660E11-DC63-4978-B3EE-8178F64291D9}.Debug|x64.Build.0 = Debug|Any CPU
		{4E660E11-DC63-4978-B3EE-8178F64291D9}.Debug|x86.ActiveCfg = Debug|Any CPU
		{4E660E11-DC63-4978-B3EE-8178F64291D9}.Debug|x86.Build.0 = Debug|Any CPU
		{4E660E11-DC63-4978-B3EE-8178F64291D9}.Release|Any CPU.ActiveCfg = Release|Any CPU
		{4E660E11-DC63-4978-B3EE-8178F64291D9}.Release|Any CPU.Build.0 = Release|Any CPU
		{4E660E11-DC63-4978-B3EE-8178F64291D9}.Release|x64.ActiveCfg = Release|Any CPU
		{4E660E11-DC63-4978-B3EE-8178F64291D9}.Release|x64.Build.0 = Release|Any CPU
		{4E660E11-DC63-4978-B3EE-8178F64291D9}.Release|x86.ActiveCfg = Release|Any CPU
		{4E660E11-DC63-4978-B3EE-8178F64291D9}.Release|x86.Build.0 = Release|Any CPU
		{5DB4FE26-EF51-4327-B613-B5CFFFCA925D}.Debug|Any CPU.ActiveCfg = Debug|Any CPU
		{5DB4FE26-EF51-4327-B613-B5CFFFCA925D}.Debug|Any CPU.Build.0 = Debug|Any CPU
		{5DB4FE26-EF51-4327-B613-B5CFFFCA925D}.Debug|x64.ActiveCfg = Debug|Any CPU
		{5DB4FE26-EF51-4327-B613-B5CFFFCA925D}.Debug|x64.Build.0 = Debug|Any CPU
		{5DB4FE26-EF51-4327-B613-B5CFFFCA925D}.Debug|x86.ActiveCfg = Debug|Any CPU
		{5DB4FE26-EF51-4327-B613-B5CFFFCA925D}.Debug|x86.Build.0 = Debug|Any CPU
		{5DB4FE26-EF51-4327-B613-B5CFFFCA925D}.Release|Any CPU.ActiveCfg = Release|Any CPU
		{5DB4FE26-EF51-4327-B613-B5CFFFCA925D}.Release|Any CPU.Build.0 = Release|Any CPU
		{5DB4FE26-EF51-4327-B613-B5CFFFCA925D}.Release|x64.ActiveCfg = Release|Any CPU
		{5DB4FE26-EF51-4327-B613-B5CFFFCA925D}.Release|x64.Build.0 = Release|Any CPU
		{5DB4FE26-EF51-4327-B613-B5CFFFCA925D}.Release|x86.ActiveCfg = Release|Any CPU
		{5DB4FE26-EF51-4327-B613-B5CFFFCA925D}.Release|x86.Build.0 = Release|Any CPU
		{B33FDE5D-CEEA-4A2E-9004-3F2D6ACDBC76}.Debug|Any CPU.ActiveCfg = Debug|Any CPU
		{B33FDE5D-CEEA-4A2E-9004-3F2D6ACDBC76}.Debug|Any CPU.Build.0 = Debug|Any CPU
		{B33FDE5D-CEEA-4A2E-9004-3F2D6ACDBC76}.Debug|x64.ActiveCfg = Debug|Any CPU
		{B33FDE5D-CEEA-4A2E-9004-3F2D6ACDBC76}.Debug|x64.Build.0 = Debug|Any CPU
		{B33FDE5D-CEEA-4A2E-9004-3F2D6ACDBC76}.Debug|x86.ActiveCfg = Debug|Any CPU
		{B33FDE5D-CEEA-4A2E-9004-3F2D6ACDBC76}.Debug|x86.Build.0 = Debug|Any CPU
		{B33FDE5D-CEEA-4A2E-9004-3F2D6ACDBC76}.Release|Any CPU.ActiveCfg = Release|Any CPU
		{B33FDE5D-CEEA-4A2E-9004-3F2D6ACDBC76}.Release|Any CPU.Build.0 = Release|Any CPU
		{B33FDE5D-CEEA-4A2E-9004-3F2D6ACDBC76}.Release|x64.ActiveCfg = Release|Any CPU
		{B33FDE5D-CEEA-4A2E-9004-3F2D6ACDBC76}.Release|x64.Build.0 = Release|Any CPU
		{B33FDE5D-CEEA-4A2E-9004-3F2D6ACDBC76}.Release|x86.ActiveCfg = Release|Any CPU
		{B33FDE5D-CEEA-4A2E-9004-3F2D6ACDBC76}.Release|x86.Build.0 = Release|Any CPU
		{C862B4AF-6190-41AC-AC39-BA12A22BC5E3}.Debug|Any CPU.ActiveCfg = Debug|Any CPU
		{C862B4AF-6190-41AC-AC39-BA12A22BC5E3}.Debug|Any CPU.Build.0 = Debug|Any CPU
		{C862B4AF-6190-41AC-AC39-BA12A22BC5E3}.Debug|x64.ActiveCfg = Debug|Any CPU
		{C862B4AF-6190-41AC-AC39-BA12A22BC5E3}.Debug|x64.Build.0 = Debug|Any CPU
		{C862B4AF-6190-41AC-AC39-BA12A22BC5E3}.Debug|x86.ActiveCfg = Debug|Any CPU
		{C862B4AF-6190-41AC-AC39-BA12A22BC5E3}.Debug|x86.Build.0 = Debug|Any CPU
		{C862B4AF-6190-41AC-AC39-BA12A22BC5E3}.Release|Any CPU.ActiveCfg = Release|Any CPU
		{C862B4AF-6190-41AC-AC39-BA12A22BC5E3}.Release|Any CPU.Build.0 = Release|Any CPU
		{C862B4AF-6190-41AC-AC39-BA12A22BC5E3}.Release|x64.ActiveCfg = Release|Any CPU
		{C862B4AF-6190-41AC-AC39-BA12A22BC5E3}.Release|x64.Build.0 = Release|Any CPU
		{C862B4AF-6190-41AC-AC39-BA12A22BC5E3}.Release|x86.ActiveCfg = Release|Any CPU
		{C862B4AF-6190-41AC-AC39-BA12A22BC5E3}.Release|x86.Build.0 = Release|Any CPU
		{E66BD02E-3E0D-47C2-B33B-0BD6C015D0DE}.Debug|Any CPU.ActiveCfg = Debug|Any CPU
		{E66BD02E-3E0D-47C2-B33B-0BD6C015D0DE}.Debug|Any CPU.Build.0 = Debug|Any CPU
		{E66BD02E-3E0D-47C2-B33B-0BD6C015D0DE}.Debug|x64.ActiveCfg = Debug|Any CPU
		{E66BD02E-3E0D-47C2-B33B-0BD6C015D0DE}.Debug|x64.Build.0 = Debug|Any CPU
		{E66BD02E-3E0D-47C2-B33B-0BD6C015D0DE}.Debug|x86.ActiveCfg = Debug|Any CPU
		{E66BD02E-3E0D-47C2-B33B-0BD6C015D0DE}.Debug|x86.Build.0 = Debug|Any CPU
		{E66BD02E-3E0D-47C2-B33B-0BD6C015D0DE}.Release|Any CPU.ActiveCfg = Release|Any CPU
		{E66BD02E-3E0D-47C2-B33B-0BD6C015D0DE}.Release|Any CPU.Build.0 = Release|Any CPU
		{E66BD02E-3E0D-47C2-B33B-0BD6C015D0DE}.Release|x64.ActiveCfg = Release|Any CPU
		{E66BD02E-3E0D-47C2-B33B-0BD6C015D0DE}.Release|x64.Build.0 = Release|Any CPU
		{E66BD02E-3E0D-47C2-B33B-0BD6C015D0DE}.Release|x86.ActiveCfg = Release|Any CPU
		{E66BD02E-3E0D-47C2-B33B-0BD6C015D0DE}.Release|x86.Build.0 = Release|Any CPU
	EndGlobalSection
	GlobalSection(SolutionProperties) = preSolution
		HideSolutionNode = FALSE
	EndGlobalSection
	GlobalSection(ExtensibilityGlobals) = postSolution
		SolutionGuid = {61506DA7-A2D8-4889-9CE4-C7EFDA5A3037}
	EndGlobalSection
EndGlobal
